version = 1
revision = 3
requires-python = "==3.13.*"

[[package]]
name = "absl-py"
version = "2.5.0"
source = { registry = "https://pypi.org/simple" }
sdist = { url = "https://files.pythonhosted.org/packages/d0/4f/d79676ab82f2e42fc3611618139f13a9c4c31d0cff4b486982047679a802/absl_py-2.5.0.tar.gz", hash = "sha256:0c996f25c0490700fadabe6351630f6111534fa0ae252cc6d2014ea3b141135f", size = 118119, upload-time = "2026-07-03T10:57:48.157Z" }
wheels = [
    { url = "https://files.pythonhosted.org/packages/58/0a/a10b45aab35b175aded078a462dc8d0c698f5b13946e7cb0869097b78bb6/absl_py-2.5.0-py3-none-any.whl", hash = "sha256:0f17b89f2a4eaaedc4f28c622998aa690564b3012a396a4ffad0821007fe03ba", size = 137410, upload-time = "2026-07-03T10:57:46.735Z" },
]

[[package]]
name = "colorama"
version = "0.4.6"
source = { registry = "https://pypi.org/simple" }
sdist = { url = "https://files.pythonhosted.org/packages/d8/53/6f443c9a4a8358a93a6792e2acffb9d9d5cb0a5cfd8802644b7b1c9a02e4/colorama-0.4.6.tar.gz", hash = "sha256:08695f5cb7ed6e0531a20572697297273c47b8cae5a63ffc6d6ed5c201be6e44", size = 27697, upload-time = "2022-10-25T02:36:22.414Z" }
wheels = [
    { url = "https://files.pythonhosted.org/packages/d1/d6/3965ed04c63042e047cb6a3e6ed1a63a35087b6a609aa3a15ed8ac56c221/colorama-0.4.6-py2.py3-none-any.whl", hash = "sha256:4f1d9991f5acc0ca119f9d443620b77f9d6b33703e51011c16baf57afb285fc6", size = 25335, upload-time = "2022-10-25T02:36:20.889Z" },
]

[[package]]
name = "etils"
version = "1.14.0"
source = { registry = "https://pypi.org/simple" }
sdist = { url = "https://files.pythonhosted.org/packages/26/ce/6e067242fde898841922ac6fc82b0bb2fe35c38e995880bdffdfbe30182a/etils-1.14.0.tar.gz", hash = "sha256:8136e7f4c4173cd0af0ca5481c4475152f0b8686192951eefa60ee8711e1ede4", size = 108127, upload-time = "2026-03-04T17:41:36.291Z" }
wheels = [
    { url = "https://files.pythonhosted.org/packages/5a/3d/589663aeeacd59bb2f3e8596bfd3e81cf0fb18d70bb433199041f469771b/etils-1.14.0-py3-none-any.whl", hash = "sha256:b5df7341f54dbe1405a4450b2741207b4a8c279780402b45f87202b94dfc52b4", size = 172934, upload-time = "2026-03-04T17:41:35.01Z" },
]

[package.optional-dependencies]
epath = [
    { name = "fsspec" },
    { name = "typing-extensions" },
    { name = "zipp" },
]

[[package]]
name = "fsspec"
version = "2026.7.0"
source = { registry = "https://pypi.org/simple" }
sdist = { url = "https://files.pythonhosted.org/packages/00/78/f34251dadb8f3921264a1d9b8946f5e542014ee2614b285261b4e40e6775/fsspec-2026.7.0.tar.gz", hash = "sha256:c803c40f4cf860b49dea58ee3e1c33cb9c790520e233537e1340049f89b82a88", size = 317040, upload-time = "2026-07-28T16:34:51.052Z" }
wheels = [
    { url = "https://files.pythonhosted.org/packages/fd/3c/6a2bf344106328fd04963664a60b9bb6496fc25df8e962fcdc1367285fb9/fsspec-2026.7.0-py3-none-any.whl", hash = "sha256:b57ddbafedfaef7018c1ecab32aa200a9d7ca26b77965f64e48b70061249d279", size = 206583, upload-time = "2026-07-28T16:34:49.538Z" },
]

[[package]]
name = "glfw"
version = "2.10.2"
source = { registry = "https://pypi.org/simple" }
sdist = { url = "https://files.pythonhosted.org/packages/0f/62/096058bcb4b4fb28f7ecd28fb048f07969d90b243c417af5f6d09d45a0c2/glfw-2.10.2.tar.gz", hash = "sha256:5d2cf97c66bc42a6b583be0e307eae5a3945438322e2ed0c5e4f14dc251d693d", size = 36307, upload-time = "2026-07-21T14:42:36.732Z" }
wheels = [
    { url = "https://files.pythonhosted.org/packages/c4/80/5e575ec14f54dc0a644e7215985b9ee7c5044fcc3594d6b83dfdeb04ccd4/glfw-2.10.2-py2.py3-none-macosx_10_6_intel.whl", hash = "sha256:a04d25bb535a3a29e173ea1abd658e161681b5d3816e00bc51c122f74cd7fa3a", size = 110295, upload-time = "2026-07-21T14:42:25.625Z" },
    { url = "https://files.pythonhosted.org/packages/e5/2e/22216db429690aa51fa87d2e2b5e6b610c5a37b9df7768da2927f52f8704/glfw-2.10.2-py2.py3-none-macosx_11_0_arm64.whl", hash = "sha256:c000b8a5e5fb4374b2c18d12347255ccb92001b9bcf80ef74c56072acbb98fe3", size = 107146, upload-time = "2026-07-21T14:42:26.854Z" },
    { url = "https://files.pythonhosted.org/packages/75/a4/9ccee9d5c3b9c5d6bafce3e8d53ab8318eff30124e3c19b95580bebaa6d4/glfw-2.10.2-py2.py3-none-manylinux2014_aarch64.whl", hash = "sha256:0ffe2b48b51f37b05e8f027f57c0b8cd213affaf22fc83401bd9621692d4c6c8", size = 235005, upload-time = "2026-07-21T14:42:27.955Z" },
    { url = "https://files.pythonhosted.org/packages/77/44/37aeed50c581c76e1c5bb83b696a06f98f8ecc979ed8564dde3eef908e8b/glfw-2.10.2-py2.py3-none-manylinux2014_x86_64.whl", hash = "sha256:82daf1f87b2a48815637dc6f6720d4a55a57ba1d3683322dc20dc28065754f97", size = 246951, upload-time = "2026-07-21T14:42:29.107Z" },
    { url = "https://files.pythonhosted.org/packages/52/fc/29b4f1a8c8e33d8934781330a0845458b01da7f389d9fe6a3350e752b7f3/glfw-2.10.2-py2.py3-none-manylinux_2_28_aarch64.whl", hash = "sha256:7604425ec95665cc6a25c3ed7d07e9660d394a34472ceffaec0843c844e7b649", size = 236018, upload-time = "2026-07-21T14:42:30.623Z" },
    { url = "https://files.pythonhosted.org/packages/69/84/1b98671314ea5f40397586b6cd14db913de3196333be558fdc177e61708f/glfw-2.10.2-py2.py3-none-manylinux_2_28_x86_64.whl", hash = "sha256:b860de3ca0686182483f98f3ddd12e660acf25b3e0d521450ec9a3f999f72a65", size = 248490, upload-time = "2026-07-21T14:42:32.377Z" },
    { url = "https://files.pythonhosted.org/packages/12/d9/bd2e6c8dbadcf69fcd2289705e75881258b46221c196903a52e9f6e97322/glfw-2.10.2-py2.py3-none-win32.whl", hash = "sha256:a94aefe8c48886fd83cd6e11e936846166a4b5b94abf1f4bf599d984774b0b1b", size = 557654, upload-time = "2026-07-21T14:42:33.903Z" },
    { url = "https://files.pythonhosted.org/packages/e0/6c/4ca5f3ab85a8d7f612ce857208726e9b834e54e559751e3d4f98cc2f7509/glfw-2.10.2-py2.py3-none-win_amd64.whl", hash = "sha256:15fd0666cd8f1b0ecb535c3abb712b8ddda053bf8d16de2353b1c6ced0e65402", size = 564433, upload-time = "2026-07-21T14:42:35.465Z" },
]

[[package]]
name = "iniconfig"
version = "2.3.0"
source = { registry = "https://pypi.org/simple" }
sdist = { url = "https://files.pythonhosted.org/packages/72/34/14ca021ce8e5dfedc35312d08ba8bf51fdd999c576889fc2c24cb97f4f10/iniconfig-2.3.0.tar.gz", hash = "sha256:c76315c77db068650d49c5b56314774a7804df16fee4402c1f19d6d15d8c4730", size = 20503, upload-time = "2025-10-18T21:55:43.219Z" }
wheels = [
    { url = "https://files.pythonhosted.org/packages/cb/b1/3846dd7f199d53cb17f49cba7e651e9ce294d8497c8c150530ed11865bb8/iniconfig-2.3.0-py3-none-any.whl", hash = "sha256:f631c04d2c48c52b84d0d0549c99ff3859c98df65b3101406327ecc7d53fbf12", size = 7484, upload-time = "2025-10-18T21:55:41.639Z" },
]

[[package]]
name = "mujoco"
version = "3.12.0"
source = { registry = "https://pypi.org/simple" }
dependencies = [
    { name = "absl-py" },
    { name = "etils", extra = ["epath"] },
    { name = "glfw" },
    { name = "numpy" },
    { name = "pyopengl" },
]
sdist = { url = "https://files.pythonhosted.org/packages/a6/cd/40c929fa073d6b25d44c9f32b3dbbfcb025053cba54f57f8d46d84cdc034/mujoco-3.12.0.tar.gz", hash = "sha256:38bb3eaf4251937a85d58b25f55b1679297155bc4f4e964490d1fd9f42f8bf93", size = 1209771, upload-time = "2026-08-20T11:01:09.106Z" }
wheels = [
    { url = "https://files.pythonhosted.org/packages/5d/ce/571060e86b1eacf0b13e1b6bff607bede9d16685bb891cf08e60a5288aae/mujoco-3.12.0-cp313-cp313-macosx_11_0_arm64.whl", hash = "sha256:5122a5affff0f592d088a89226360fe86a000b737cac6370ff5e5b552f20bc81", size = 18306139, upload-time = "2026-08-20T11:48:04.452Z" },
    { url = "https://files.pythonhosted.org/packages/56/48/b1e477dc1caec78074ace77d3597f5768a6a1c11a258d7f214473f564b51/mujoco-3.12.0-cp313-cp313-manylinux_2_27_aarch64.manylinux_2_28_aarch64.whl", hash = "sha256:267c3fc36b5a0536073557760e36c464da2ad9a744b047893db73fe273931ad1", size = 18507434, upload-time = "2026-08-20T11:48:07.664Z" },
    { url = "https://files.pythonhosted.org/packages/d2/3d/04d24602d8d73f6eb108be06a04a3e6c8198a83f17de97ae0fc766980ac8/mujoco-3.12.0-cp313-cp313-manylinux_2_27_x86_64.manylinux_2_28_x86_64.whl", hash = "sha256:ce95e5a2dd1afcda3ae276b593ac53348d488d1a99c9b4205ef182164b90ba04", size = 19816710, upload-time = "2026-08-20T11:48:10.239Z" },
    { url = "https://files.pythonhosted.org/packages/0d/52/6133425608c7579b983181bb3bf59999e5d99c47a42f960857aafbbea381/mujoco-3.12.0-cp313-cp313-win_amd64.whl", hash = "sha256:15ca69116c200d8e211587b2b640eccca36064fd96e7a73c9dfe044e057aa67d", size = 16733949, upload-time = "2026-08-20T11:48:13.593Z" },
]

[[package]]
name = "numpy"
version = "2.5.3"
source = { registry = "https://pypi.org/simple" }
sdist = { url = "https://files.pythonhosted.org/packages/13/01/11703282db468b85f6f7b8c7f22d058de5970d5c7e60a3a8aaa313c3de36/numpy-2.5.3.tar.gz", hash = "sha256:df2d5874ff183595a4ba404edd04f6bd9b5505c1d7708573f6a6c17489a67563", size = 20791231, upload-time = "2026-09-06T16:27:47.073Z" }
wheels = [
    { url = "https://files.pythonhosted.org/packages/79/e5/8fb89cd46d14e35699d13bf943a5f5f441ecee8667120a1f6105ab89e349/numpy-2.5.3-cp313-cp313-macosx_10_13_x86_64.whl", hash = "sha256:66a78fe4556c60aceda5916f9eacd638b18e9e681016ec302dcb4682d6d4d034", size = 16991061, upload-time = "2026-09-06T16:25:00.411Z" },
    { url = "https://files.pythonhosted.org/packages/2f/06/9dc9e48b5e5e941c8b10350c5ff2d721da42a20517d911d15544246775ff/numpy-2.5.3-cp313-cp313-macosx_11_0_arm64.whl", hash = "sha256:92f30e89b8ee0ecf363033576c422b2f58fed6a80bed0aa48dff6d14c654663e", size = 12003676, upload-time = "2026-09-06T16:25:03.475Z" },
    { url = "https://files.pythonhosted.org/packages/ab/2a/98282aa5b8f58b1157d440bb6282eed47e3632a5de53a714fbab17e659fe/numpy-2.5.3-cp313-cp313-macosx_14_0_arm64.whl", hash = "sha256:f9a2353b37a1a9e78fd82b27ad7e2a32a2d036604d18f02b05e3136c62ca3b09", size = 5439695, upload-time = "2026-09-06T16:25:05.978Z" },
    { url = "https://files.pythonhosted.org/packages/a1/f9/b6533d777be9d6ffd29dc1be0867e563e6e8cc9a220ff1b716adc317f060/numpy-2.5.3-cp313-cp313-macosx_14_0_x86_64.whl", hash = "sha256:ccbc4665079665c3cf3bab4db9f6b095370cd6437d66be549b6c2a1fd19e1958", size = 6779395, upload-time = "2026-09-06T16:25:08.599Z" },
    { url = "https://files.pythonhosted.org/packages/73/85/735720d04ec197c5dcfacdfc9922667c7f1f5f496a279b7ba4d7c74c4cc7/numpy-2.5.3-cp313-cp313-manylinux_2_27_aarch64.manylinux_2_28_aarch64.whl", hash = "sha256:c76d5dde9f445058f83d0c02af00557a4db91de9a9a57c0df87d1535001d654b", size = 15681750, upload-time = "2026-09-06T16:25:11.173Z" },
    { url = "https://files.pythonhosted.org/packages/3a/1b/3b16a9bc514a440a7a0883684111dcb1ef1aee960af2ca95da8fc775f124/numpy-2.5.3-cp313-cp313-manylinux_2_27_x86_64.manylinux_2_28_x86_64.whl", hash = "sha256:a5fa86b80fd24bcd1aff83ad23be44ea323de3f787be8f8b15d4a65621e25321", size = 16708577, upload-time = "2026-09-06T16:25:14.171Z" },
    { url = "https://files.pythonhosted.org/packages/69/c4/386f397831b07328b639c96c5b62719346cf4baf07c68d927239752b1534/numpy-2.5.3-cp313-cp313-musllinux_1_2_aarch64.whl", hash = "sha256:bd4cb9ad3c7889b9b3fe0a9a9fb5d2ed26f9879bff2608d9f01aed147a20d231", size = 17042047, upload-time = "2026-09-06T16:25:17.582Z" },
    { url = "https://files.pythonhosted.org/packages/5f/3e/a700ecbf36e85ae8328fd3b0e12eeddc22ed6358a64cb2bd913e0d195d65/numpy-2.5.3-cp313-cp313-musllinux_1_2_x86_64.whl", hash = "sha256:1302b90c0e52281681b2975adfe8a860cb7b12216a27b4b0b4207c44bf7bccf0", size = 18465724, upload-time = "2026-09-06T16:25:20.949Z" },
    { url = "https://files.pythonhosted.org/packages/41/ee/38e785e88a4045f6ad1d1f2808dcdfafdca48c760260c0587bf171e29fc9/numpy-2.5.3-cp313-cp313-win32.whl", hash = "sha256:1c80eabb4035ecf4ca9cd49cde8a9fdd69a729e63e6474887d1523ade7aa277f", size = 6129003, upload-time = "2026-09-06T16:25:23.664Z" },
    { url = "https://files.pythonhosted.org/packages/f3/ec/100f2b1794ede74a9b3d7ec6b9736927f56713414c1dfe19ab6c383494bf/numpy-2.5.3-cp313-cp313-win_amd64.whl", hash = "sha256:71cad2b2a7451ab79d8f5e71b453485b6775963d5cf794179144a7463fe6e8ec", size = 12560965, upload-time = "2026-09-06T16:25:26.602Z" },
    { url = "https://files.pythonhosted.org/packages/80/b1/7dc825ca94c12acebbce4c37caa5e198695eb31424bc579679f32b1bb49d/numpy-2.5.3-cp313-cp313-win_arm64.whl", hash = "sha256:8e4dd766076855b5ff7ea52fa5f07ce26286726e0f8bff446b7739d02e6ea204", size = 10482343, upload-time = "2026-09-06T16:25:29.772Z" },
]

[[package]]
name = "packaging"
version = "26.3"
source = { registry = "https://pypi.org/simple" }
sdist = { url = "https://files.pythonhosted.org/packages/7d/fa/3944b40b07da9ce895c0e6303a5ab7d53da063554f534556b134a54d6093/packaging-26.3.tar.gz", hash = "sha256:94edc256424af38762eb31306eed28beb9f0efc50a8837492c9d6fd6004aed79", size = 313412, upload-time = "2026-08-04T18:15:28.737Z" }
wheels = [
    { url = "https://files.pythonhosted.org/packages/63/34/ba1c580383c9eada3711951fef0795c80b829a078d72188184bcab9dd527/packaging-26.3-py3-none-any.whl", hash = "sha256:d7193f7c8e4e93f444fde0262bf90af30e16fa0ad0ad44cb553c87339b23cd1c", size = 129956, upload-time = "2026-08-04T18:15:27.159Z" },
]

[[package]]
name = "pluggy"
version = "1.6.0"
source = { registry = "https://pypi.org/simple" }
sdist = { url = "https://files.pythonhosted.org/packages/f9/e2/3e91f31a7d2b083fe6ef3fa267035b518369d9511ffab804f839851d2779/pluggy-1.6.0.tar.gz", hash = "sha256:7dcc130b76258d33b90f61b658791dede3486c3e6bfb003ee5c9bfb396dd22f3", size = 69412, upload-time = "2025-05-15T12:30:07.975Z" }
wheels = [
    { url = "https://files.pythonhosted.org/packages/54/20/4d324d65cc6d9205fabedc306948156824eb9f0ee1633355a8f7ec5c66bf/pluggy-1.6.0-py3-none-any.whl", hash = "sha256:e920276dd6813095e9377c0bc5566d94c932c33b27a3e3945d8389c374dd4746", size = 20538, upload-time = "2025-05-15T12:30:06.134Z" },
]

[[package]]
name = "pygments"
version = "2.21.0"
source = { registry = "https://pypi.org/simple" }
sdist = { url = "https://files.pythonhosted.org/packages/49/2e/ced460408999b33da6b31b0021b0f37d329e202d4169aeb164493778f25b/pygments-2.21.0.tar.gz", hash = "sha256:610ca751c9bc2492b38eb9a38a7fbc93edbbb2d7182edaf34e66ae493dee5c8c", size = 5005329, upload-time = "2026-08-17T08:02:48.824Z" }
wheels = [
    { url = "https://files.pythonhosted.org/packages/71/46/17f022dd3e953bf20a04a028a21ec746d942f8d2af30fa0f124fa0e6a684/pygments-2.21.0-py3-none-any.whl", hash = "sha256:2363c69b61c4a97c838da3b130dcd6468f4848992b21a82f2a63ec34377137d9", size = 1250147, upload-time = "2026-08-17T08:02:44.912Z" },
]

[[package]]
name = "pyopengl"
version = "3.1.10"
source = { registry = "https://pypi.org/simple" }
sdist = { url = "https://files.pythonhosted.org/packages/6f/16/912b7225d56284859cd9a672827f18be43f8012f8b7b932bc4bd959a298e/pyopengl-3.1.10.tar.gz", hash = "sha256:c4a02d6866b54eb119c8e9b3fb04fa835a95ab802dd96607ab4cdb0012df8335", size = 1915580, upload-time = "2025-08-18T02:33:01.76Z" }
wheels = [
    { url = "https://files.pythonhosted.org/packages/de/e4/1ba6f44e491c4eece978685230dde56b14d51a0365bc1b774ddaa94d14cd/pyopengl-3.1.10-py3-none-any.whl", hash = "sha256:794a943daced39300879e4e47bd94525280685f42dbb5a998d336cfff151d74f", size = 3194996, upload-time = "2025-08-18T02:32:59.902Z" },
]

[[package]]
name = "pytest"
version = "9.1.1"
source = { registry = "https://pypi.org/simple" }
dependencies = [
    { name = "colorama", marker = "sys_platform == 'win32'" },
    { name = "iniconfig" },
    { name = "packaging" },
    { name = "pluggy" },
    { name = "pygments" },
]
sdist = { url = "https://files.pythonhosted.org/packages/e4/47/b9efed96c114afcfa3c9d3fe98a76a1d14c74a9e266d397cf6eb64be5e01/pytest-9.1.1.tar.gz", hash = "sha256:1088fbde8f2b49d95a549a195707afa7a76a3ce9bcadc26b6d71f0ffda5fe313", size = 1636369, upload-time = "2026-06-19T10:58:32.857Z" }
wheels = [
    { url = "https://files.pythonhosted.org/packages/24/25/1de2678b631f5a49215c6c96fff41ba892b0a34df68d6d80292b1b48aa7f/pytest-9.1.1-py3-none-any.whl", hash = "sha256:37a86b45efb9a47a61a36449063e8e18d0cab3161329fc099eb21783169c4f0c", size = 386536, upload-time = "2026-06-19T10:58:31.347Z" },
]

[[package]]
name = "saga-arm"
version = "0.1.0"
source = { editable = "." }
dependencies = [
    { name = "mujoco" },
    { name = "numpy" },
]

[package.dev-dependencies]
dev = [
    { name = "pytest" },
]

[package.metadata]
requires-dist = [
    { name = "mujoco", specifier = ">=3.12" },
    { name = "numpy", specifier = ">=2" },
]

[package.metadata.requires-dev]
dev = [{ name = "pytest", specifier = ">=8" }]

[[package]]
name = "typing-extensions"
version = "4.16.0"
source = { registry = "https://pypi.org/simple" }
sdist = { url = "https://files.pythonhosted.org/packages/f6/cc/6253133b5bb138fc3306cebfbda2c520f545d36b5be2c7255cc528bb45d6/typing_extensions-4.16.0.tar.gz", hash = "sha256:dc983d19a509c94dba722ee6abd33940f7c05a89e243c47e907eb4db6f1a43e5", size = 113555, upload-time = "2026-07-02T08:40:05.92Z" }
wheels = [
    { url = "https://files.pythonhosted.org/packages/49/d3/b8441a820a491ddfc024b0b0cf0393375b75ea13866d9c66727e54c2fc80/typing_extensions-4.16.0-py3-none-any.whl", hash = "sha256:481caa481374e813c1b176ada14e97f1f67a4539ce9cfeb3f350d78d6370c2e8", size = 45571, upload-time = "2026-07-02T08:40:04.659Z" },
]

[[package]]
name = "zipp"
version = "4.1.0"
source = { registry = "https://pypi.org/simple" }
sdist = { url = "https://files.pythonhosted.org/packages/b9/d8/eab98a517c14134c0b2eb4e2387bc5f457334293ec5d2dd3857ec2966802/zipp-4.1.0.tar.gz", hash = "sha256:4cb57381f544315db7688e976e922a2b18cdb513d21cc194eb42232ba2a3e602", size = 26214, upload-time = "2026-05-18T20:08:57.967Z" }
wheels = [
    { url = "https://files.pythonhosted.org/packages/3a/13/547360d81e6d88d58492968ffda9f9542854f11310ee556fef14260cc886/zipp-4.1.0-py3-none-any.whl", hash = "sha256:25ad4e16390cd314347dd8f1de67a2ac538ae658ed4ab9db16029c07c188e97f", size = 10238, upload-time = "2026-05-18T20:08:57.045Z" },
]
